{
  "pins" : [
    {
      "identity" : "grdb.swift",
      "kind" : "remoteSourceControl",
      "location" : "https://github.com/groue/GRDB.swift.git",
      "state" : {
        "branch" : "master",
        "revision" : "ce63f697ed381383041d245b185af3c501de8bef"
      }
    }
  ],
  "version" : 2
}
